
Microsoft Visual Studio Solution File, Format Version 12.00
# Visual Studio Version 17
VisualStudioVersion = 17.1.32407.343
MinimumVisualStudioVersion = 10.0.40219.1
Project("{9A19103F-16F7-4668-BE54-9A1E7A4F7556}") = "GateGuardianWeb", "GateGuardianWeb\GateGuardianWeb.csproj", "{C3CB465D-2B43-4627-8995-66A61FCFBDC2}"
EndProject
Project("{FAE04EC0-301F-11D3-BF4B-00C04F79EFBC}") = "GateGuardianWeb.Tests", "GateGuardianWeb.Tests\GateGuardianWeb.Tests.csproj", "{9CFFAC53-4BF6-46D1-845C-4E7CE9DB6FD2}"
EndProject
Global
	GlobalSection(SolutionConfigurationPlatforms) = preSolution
		Debug|Any CPU = Debug|Any CPU
		Release|Any CPU = Release|Any CPU
	EndGlobalSection
	GlobalSection(ProjectConfigurationPlatforms) = postSolution
		{C3CB465D-2B43-4627-8995-66A61FCFBDC2}.Debug|Any CPU.ActiveCfg = Debug|Any CPU
		{C3CB465D-2B43-4627-8995-66A61FCFBDC2}.Debug|Any CPU.Build.0 = Debug|Any CPU
		{C3CB465D-2B43-4627-8995-66A61FCFBDC2}.Release|Any CPU.ActiveCfg = Release|Any CPU
		{C3CB465D-2B43-4627-8995-66A61FCFBDC2}.Release|Any CPU.Build.0 = Release|Any CPU
		{9CFFAC53-4BF6-46D1-845C-4E7CE9DB6FD2}.Debug|Any CPU.ActiveCfg = Debug|Any CPU
		{9CFFAC53-4BF6-46D1-845C-4E7CE9DB6FD2}.Debug|Any CPU.Build.0 = Debug|Any CPU
		{9CFFAC53-4BF6-46D1-845C-4E7CE9DB6FD2}.Release|Any CPU.ActiveCfg = Release|Any CPU
		{9CFFAC53-4BF6-46D1-845C-4E7CE9DB6FD2}.Release|Any CPU.Build.0 = Release|Any CPU
	EndGlobalSection
	GlobalSection(SolutionProperties) = preSolution
		HideSolutionNode = FALSE
	EndGlobalSection
	GlobalSection(ExtensibilityGlobals) = postSolution
		SolutionGuid = {433870C8-EA99-420F-9CC1-A2498060B425}
	EndGlobalSection
EndGlobal
